
Microsoft Visual Studio Solution File, Format Version 11.00
# Visual Studio 2010
Project("{FAE04EC0-301F-11D3-BF4B-00C04F79EFBC}") = "AstarPathfindingProject", "AstarPathfindingProject.csproj", "{999ee394-7837-e981-dedb-8b0ddeac19d7}"
EndProject
Project("{FAE04EC0-301F-11D3-BF4B-00C04F79EFBC}") = "Aspekt.AI", "Aspekt.AI.csproj", "{107c05ef-d799-fc9e-568c-703e35f6b1bc}"
EndProject
Project("{FAE04EC0-301F-11D3-BF4B-00C04F79EFBC}") = "Aspekt.Drones", "Aspekt.Drones.csproj", "{c0f33f7f-75d0-277c-1f7c-598f3c809985}"
EndProject
Project("{FAE04EC0-301F-11D3-BF4B-00C04F79EFBC}") = "ALINE", "ALINE.csproj", "{34e32331-f2bd-c0b8-bc49-8e23bd5e734f}"
EndProject
Project("{FAE04EC0-301F-11D3-BF4B-00C04F79EFBC}") = "PackageTools", "PackageTools.csproj", "{18838293-6017-6074-6dad-66ee10e11215}"
EndProject
Project("{FAE04EC0-301F-11D3-BF4B-00C04F79EFBC}") = "AstarPathfindingProjectEditor", "AstarPathfindingProjectEditor.csproj", "{2d412d2f-757e-3d42-400b-7f2763bd8c90}"
EndProject
Project("{FAE04EC0-301F-11D3-BF4B-00C04F79EFBC}") = "AstarPackageToolsEditor", "AstarPackageToolsEditor.csproj", "{f837254c-0d2f-cf24-ac9f-18dd3040359c}"
EndProject
Project("{FAE04EC0-301F-11D3-BF4B-00C04F79EFBC}") = "DrawingEditor", "DrawingEditor.csproj", "{f3317254-48a6-205d-0666-2843ef8f86b1}"
EndProject
Project("{FAE04EC0-301F-11D3-BF4B-00C04F79EFBC}") = "ALINEPackageToolsEditor", "ALINEPackageToolsEditor.csproj", "{66b7f935-eb95-b080-f5f8-cff3935b1877}"
EndProject
Global
	GlobalSection(SolutionConfigurationPlatforms) = preSolution
		Debug|Any CPU = Debug|Any CPU
		Release|Any CPU = Release|Any CPU
	EndGlobalSection
	GlobalSection(ProjectConfigurationPlatforms) = postSolution
		{999ee394-7837-e981-dedb-8b0ddeac19d7}.Debug|Any CPU.ActiveCfg = Debug|Any CPU
		{999ee394-7837-e981-dedb-8b0ddeac19d7}.Debug|Any CPU.Build.0 = Debug|Any CPU
		{999ee394-7837-e981-dedb-8b0ddeac19d7}.Release|Any CPU.ActiveCfg = Release|Any CPU
		{999ee394-7837-e981-dedb-8b0ddeac19d7}.Release|Any CPU.Build.0 = Release|Any CPU
		{107c05ef-d799-fc9e-568c-703e35f6b1bc}.Debug|Any CPU.ActiveCfg = Debug|Any CPU
		{107c05ef-d799-fc9e-568c-703e35f6b1bc}.Debug|Any CPU.Build.0 = Debug|Any CPU
		{107c05ef-d799-fc9e-568c-703e35f6b1bc}.Release|Any CPU.ActiveCfg = Release|Any CPU
		{107c05ef-d799-fc9e-568c-703e35f6b1bc}.Release|Any CPU.Build.0 = Release|Any CPU
		{c0f33f7f-75d0-277c-1f7c-598f3c809985}.Debug|Any CPU.ActiveCfg = Debug|Any CPU
		{c0f33f7f-75d0-277c-1f7c-598f3c809985}.Debug|Any CPU.Build.0 = Debug|Any CPU
		{c0f33f7f-75d0-277c-1f7c-598f3c809985}.Release|Any CPU.ActiveCfg = Release|Any CPU
		{c0f33f7f-75d0-277c-1f7c-598f3c809985}.Release|Any CPU.Build.0 = Release|Any CPU
		{34e32331-f2bd-c0b8-bc49-8e23bd5e734f}.Debug|Any CPU.ActiveCfg = Debug|Any CPU
		{34e32331-f2bd-c0b8-bc49-8e23bd5e734f}.Debug|Any CPU.Build.0 = Debug|Any CPU
		{34e32331-f2bd-c0b8-bc49-8e23bd5e734f}.Release|Any CPU.ActiveCfg = Release|Any CPU
		{34e32331-f2bd-c0b8-bc49-8e23bd5e734f}.Release|Any CPU.Build.0 = Release|Any CPU
		{18838293-6017-6074-6dad-66ee10e11215}.Debug|Any CPU.ActiveCfg = Debug|Any CPU
		{18838293-6017-6074-6dad-66ee10e11215}.Debug|Any CPU.Build.0 = Debug|Any CPU
		{18838293-6017-6074-6dad-66ee10e11215}.Release|Any CPU.ActiveCfg = Release|Any CPU
		{18838293-6017-6074-6dad-66ee10e11215}.Release|Any CPU.Build.0 = Release|Any CPU
		{2d412d2f-757e-3d42-400b-7f2763bd8c90}.Debug|Any CPU.ActiveCfg = Debug|Any CPU
		{2d412d2f-757e-3d42-400b-7f2763bd8c90}.Debug|Any CPU.Build.0 = Debug|Any CPU
		{2d412d2f-757e-3d42-400b-7f2763bd8c90}.Release|Any CPU.ActiveCfg = Release|Any CPU
		{2d412d2f-757e-3d42-400b-7f2763bd8c90}.Release|Any CPU.Build.0 = Release|Any CPU
		{f837254c-0d2f-cf24-ac9f-18dd3040359c}.Debug|Any CPU.ActiveCfg = Debug|Any CPU
		{f837254c-0d2f-cf24-ac9f-18dd3040359c}.Debug|Any CPU.Build.0 = Debug|Any CPU
		{f837254c-0d2f-cf24-ac9f-18dd3040359c}.Release|Any CPU.ActiveCfg = Release|Any CPU
		{f837254c-0d2f-cf24-ac9f-18dd3040359c}.Release|Any CPU.Build.0 = Release|Any CPU
		{f3317254-48a6-205d-0666-2843ef8f86b1}.Debug|Any CPU.ActiveCfg = Debug|Any CPU
		{f3317254-48a6-205d-0666-2843ef8f86b1}.Debug|Any CPU.Build.0 = Debug|Any CPU
		{f3317254-48a6-205d-0666-2843ef8f86b1}.Release|Any CPU.ActiveCfg = Release|Any CPU
		{f3317254-48a6-205d-0666-2843ef8f86b1}.Release|Any CPU.Build.0 = Release|Any CPU
		{66b7f935-eb95-b080-f5f8-cff3935b1877}.Debug|Any CPU.ActiveCfg = Debug|Any CPU
		{66b7f935-eb95-b080-f5f8-cff3935b1877}.Debug|Any CPU.Build.0 = Debug|Any CPU
		{66b7f935-eb95-b080-f5f8-cff3935b1877}.Release|Any CPU.ActiveCfg = Release|Any CPU
		{66b7f935-eb95-b080-f5f8-cff3935b1877}.Release|Any CPU.Build.0 = Release|Any CPU
	EndGlobalSection
	GlobalSection(SolutionProperties) = preSolution
		HideSolutionNode = FALSE
	EndGlobalSection
EndGlobal
